#MicroXplorer Configuration settings - do not modify
Mcu.Family=STM32WB
VP_STMicroelectronics.X-CUBE-AI_VS_ArtificialOoIntelligenceJjXAaCUBEAaAI_6.0.0.Signal=STMicroelectronics.X-CUBE-AI_VS_ArtificialOoIntelligenceJjXAaCUBEAaAI_6.0.0
STMicroelectronics.X-CUBE-AI.6.0.0.ValidationInputFileHistory-f753901a69de43354e869bc3f7ebb48174193034f7e22b052603449c38ea3774=
ProjectManager.MainLocation=Core/Src
PCC.Ble.Mode=NOT_SELECTED
VP_STMicroelectronics.X-CUBE-AI_VS_ArtificialOoIntelligenceJjXAaCUBEAaAI_6.0.0.Mode=ArtificialOoIntelligenceJjXAaCUBEAaAI
RCC.PLLQoutputFreq_Value=64000000
RCC.USART1Freq_Value=64000000
ProjectManager.ProjectFileName=predict-price-nn.ioc
RCC.SAI1Freq_Value=16000000
RCC.SMPSFreq_Value=4000000
STMicroelectronics.X-CUBE-AI.6.0.0.ModelFlashOccupation-f753901a69de43354e869bc3f7ebb48174193034f7e22b052603449c38ea3774=26136
RCC.CortexFreq_Value=64000000
STMicroelectronics.X-CUBE-AI.6.0.0.MaximumSizeOfInputLayer=AI_PREDICT_HOUSE_PRICE_IN_1_SIZE_BYTES
ProjectManager.KeepUserCode=true
Mcu.PinsNb=4
Mcu.UserName=STM32WB55RGVx
ProjectManager.NoMain=false
RCC.RFWKPFreq_Value=244.140625
STMicroelectronics.X-CUBE-AI.6.0.0.ValidationOutputFileHistory-f753901a69de43354e869bc3f7ebb48174193034f7e22b052603449c38ea3774=
RCC.HCLK3Freq_Value=64000000
STMicroelectronics.X-CUBE-AI.6.0.0.ModelStructureFile-f753901a69de43354e869bc3f7ebb48174193034f7e22b052603449c38ea3774=nn_model/house_price_model_no_quant.tflite
RCC.PLLSAI1RoutputFreq_Value=16000000
STMicroelectronics.X-CUBE-AI.6.0.0.MaximumSizeOfOutputLayer=AI_PREDICT_HOUSE_PRICE_OUT_1_SIZE_BYTES
ProjectManager.functionlistsort=1-SystemClock_Config-RCC-false-HAL-false
ProjectManager.DefaultFWLocation=true
VP_TIM16_VS_ClockSourceINT.Mode=Enable_Timer
ProjectManager.DeletePrevious=true
RCC.HCLK2Freq_Value=32000000
STMicroelectronics.X-CUBE-AI.6.0.0.StackSize=0x1000
STMicroelectronics.X-CUBE-AI.6.0.0.ModelActualCompression-f753901a69de43354e869bc3f7ebb48174193034f7e22b052603449c38ea3774=0.0
RCC.AHB2CLKDivider=RCC_SYSCLK_DIV2
PinOutPanel.RotationAngle=0
RCC.FamilyName=M
RCC.SYSCLKSource=RCC_SYSCLKSOURCE_PLLCLK
RCC.MCO1PinFreq_Value=64000000
ProjectManager.StackSize=0x1000
RCC.LPTIM1Freq_Value=64000000
RCC.I2C3Freq_Value=64000000
Mcu.IP4=TIM16
RCC.FCLKCortexFreq_Value=64000000
Mcu.IP2=RCC
NVIC.SVCall_IRQn=true\:0\:0\:false\:false\:true\:false\:false
Mcu.IP3=SYS
Mcu.IP0=CRC
Mcu.IP1=NVIC
STMicroelectronics.X-CUBE-AI.6.0.0.ModelHashList=f753901a69de43354e869bc3f7ebb48174193034f7e22b052603449c38ea3774
Mcu.UserConstants=
STMicroelectronics.X-CUBE-AI.6.0.0.IPParameters=XAaCUBEAaAICcArtificialOoIntelligenceJjCore,HeapSize,StackSize,ModelName-f753901a69de43354e869bc3f7ebb48174193034f7e22b052603449c38ea3774,ModelKind-f753901a69de43354e869bc3f7ebb48174193034f7e22b052603449c38ea3774,ModelHashList,ModelNameList,WorkingBufferStartAddrList,LatestDirectoryUsed-f753901a69de43354e869bc3f7ebb48174193034f7e22b052603449c38ea3774,ModelStructureFile-f753901a69de43354e869bc3f7ebb48174193034f7e22b052603449c38ea3774,ModelMacc-f753901a69de43354e869bc3f7ebb48174193034f7e22b052603449c38ea3774,ModelActualCompression-f753901a69de43354e869bc3f7ebb48174193034f7e22b052603449c38ea3774,ModelFlashOccupation-f753901a69de43354e869bc3f7ebb48174193034f7e22b052603449c38ea3774,ModelRamOccupation-f753901a69de43354e869bc3f7ebb48174193034f7e22b052603449c38ea3774,ModelCompression-f753901a69de43354e869bc3f7ebb48174193034f7e22b052603449c38ea3774,ModelType-f753901a69de43354e869bc3f7ebb48174193034f7e22b052603449c38ea3774,ValidationInputFileHistory-f753901a69de43354e869bc3f7ebb48174193034f7e22b052603449c38ea3774,ValidationOutputFileHistory-f753901a69de43354e869bc3f7ebb48174193034f7e22b052603449c38ea3774,InternalRamActivationBufferMaxSize,ActivationBufferSizeList,MaximumNumberOfInputLayer,MaximumNumberOfOutputLayer,MaximumSizeOfInputLayer,MaximumSizeOfOutputLayer
RCC.VCOSAI1OutputFreq_Value=32000000
ProjectManager.TargetToolchain=STM32CubeIDE
STMicroelectronics.X-CUBE-AI.6.0.0.InternalRamActivationBufferMaxSize=AI_PREDICT_HOUSE_PRICE_DATA_ACTIVATIONS_SIZE
Mcu.ThirdPartyNb=1
VP_CRC_VS_CRC.Signal=CRC_VS_CRC
STMicroelectronics.X-CUBE-AI.6.0.0_SwParameter=XAaCUBEAaAICcArtificialOoIntelligenceJjCore\:true;
RCC.HCLKFreq_Value=64000000
Mcu.IPNb=5
RCC.HCLKRFFreq_Value=16000000
ProjectManager.PreviousToolchain=
RCC.APB2TimFreq_Value=64000000
PCC.Ble.PowerLevel=Min
STMicroelectronics.X-CUBE-AI.6.0.0.WorkingBufferStartAddrList=0xFFFFFFFF
STMicroelectronics.X-CUBE-AI.6.0.0.ModelNameList=predict_house_price
STMicroelectronics.X-CUBE-AI.6.0.0.ModelCompression-f753901a69de43354e869bc3f7ebb48174193034f7e22b052603449c38ea3774=1
ProjectManager.RegisterCallBack=
STMicroelectronics.X-CUBE-AI.6.0.0.MaximumNumberOfOutputLayer=1
RCC.LSE_VALUE=32768
RCC.AHBFreq_Value=64000000
RCC.PLLSAI1PoutputFreq_Value=16000000
Mcu.Pin0=VP_CRC_VS_CRC
Mcu.Pin1=VP_SYS_VS_Systick
Mcu.Pin2=VP_TIM16_VS_ClockSourceINT
STMicroelectronics.X-CUBE-AI.6.0.0.LatestDirectoryUsed-f753901a69de43354e869bc3f7ebb48174193034f7e22b052603449c38ea3774=/Users/dominikpiorkowski/Desktop/drive/projekty/MCU/predict-price-nn/nn_model
Mcu.Pin3=VP_STMicroelectronics.X-CUBE-AI_VS_ArtificialOoIntelligenceJjXAaCUBEAaAI_6.0.0
ProjectManager.ProjectBuild=false
RCC.HSE_VALUE=8000000
STMicroelectronics.X-CUBE-AI.6.0.0.ArtificialOoIntelligenceJjXAaCUBEAaAI_Checked=true
NVIC.UsageFault_IRQn=true\:0\:0\:false\:false\:true\:false\:false
RCC.FCLK2Freq_Value=32000000
NVIC.DebugMonitor_IRQn=true\:0\:0\:false\:false\:true\:false\:false
board=custom
RCC.VCOOutputFreq_Value=128000000
RCC.Cortex2Freq_Value=4000000
RCC.Cortex2_Div=SYSTICK_CLKSOURCE_HCLK_DIV8
NVIC.SysTick_IRQn=true\:0\:0\:false\:false\:true\:false\:true
ProjectManager.LastFirmware=true
RCC.SMPS1Freq_Value=8000000
ProjectManager.FirmwarePackage=STM32Cube FW_WB V1.11.0
MxDb.Version=DB.6.0.20
RCC.APB2Freq_Value=64000000
Mcu.ThirdParty0=STMicroelectronics.X-CUBE-AI.6.0.0
ProjectManager.BackupPrevious=false
MxCube.Version=6.2.0
RCC.VCOInputFreq_Value=4000000
PCC.Ble.DataLength=6
RCC.I2C1Freq_Value=64000000
STMicroelectronics.X-CUBE-AI.6.0.0.XAaCUBEAaAICcArtificialOoIntelligenceJjCore=true
STMicroelectronics.X-CUBE-AI.6.0.0.ModelKind-f753901a69de43354e869bc3f7ebb48174193034f7e22b052603449c38ea3774=TFLITE
RCC.RNGFreq_Value=32000
RCC.PLLSAI1QoutputFreq_Value=16000000
File.Version=6
VP_SYS_VS_Systick.Mode=SysTick
VP_TIM16_VS_ClockSourceINT.Signal=TIM16_VS_ClockSourceINT
NVIC.NonMaskableInt_IRQn=true\:0\:0\:false\:false\:true\:false\:false
RCC.PLLRCLKFreq_Value=64000000
NVIC.PendSV_IRQn=true\:0\:0\:false\:false\:true\:false\:false
STMicroelectronics.X-CUBE-AI.6.0.0.ModelMacc-f753901a69de43354e869bc3f7ebb48174193034f7e22b052603449c38ea3774=6771
ProjectManager.FreePins=true
RCC.IPParameters=AHB2CLKDivider,AHBFreq_Value,APB1Freq_Value,APB1TimFreq_Value,APB2Freq_Value,APB2TimFreq_Value,APB3Freq_Value,Cortex2Freq_Value,Cortex2_Div,CortexFreq_Value,FCLK2Freq_Value,FCLKCortexFreq_Value,FamilyName,HCLK2Freq_Value,HCLK3Freq_Value,HCLKFreq_Value,HCLKRFFreq_Value,HSE_VALUE,HSI48_VALUE,HSI_VALUE,I2C1Freq_Value,I2C3Freq_Value,LPTIM1Freq_Value,LPTIM2Freq_Value,LPUART1Freq_Value,LSCOPinFreq_Value,LSE_VALUE,LSI_VALUE,MCO1PinFreq_Value,PLLN,PLLPoutputFreq_Value,PLLQoutputFreq_Value,PLLRCLKFreq_Value,PLLSAI1PoutputFreq_Value,PLLSAI1QoutputFreq_Value,PLLSAI1RoutputFreq_Value,PWRFreq_Value,RFWKPFreq_Value,RNGFreq_Value,SAI1Freq_Value,SMPS1Freq_Value,SMPSFreq_Value,SYSCLKFreq_VALUE,SYSCLKSource,USART1Freq_Value,VCOInputFreq_Value,VCOOutputFreq_Value,VCOSAI1OutputFreq_Value
STMicroelectronics.X-CUBE-AI.6.0.0.ModelName-f753901a69de43354e869bc3f7ebb48174193034f7e22b052603449c38ea3774=predict_house_price
ProjectManager.AskForMigrate=true
Mcu.Name=STM32WB55RGVx
RCC.LPTIM2Freq_Value=64000000
ProjectManager.HalAssertFull=false
ProjectManager.ProjectName=predict-price-nn
ProjectManager.UnderRoot=true
RCC.APB3Freq_Value=16000000
ProjectManager.CoupleFile=true
RCC.SYSCLKFreq_VALUE=64000000
Mcu.Package=VFQFPN68
PCC.Ble.ConnectionInterval=1000.0
NVIC.ForceEnableDMAVector=true
KeepUserPlacement=false
NVIC.MemoryManagement_IRQn=true\:0\:0\:false\:false\:true\:false\:false
ProjectManager.CompilerOptimize=6
ProjectManager.ToolChainLocation=
RCC.LSI_VALUE=32000
VP_SYS_VS_Systick.Signal=SYS_VS_Systick
RCC.LSCOPinFreq_Value=32000
STMicroelectronics.X-CUBE-AI.6.0.0.MaximumNumberOfInputLayer=1
ProjectManager.HeapSize=0x200
NVIC.HardFault_IRQn=true\:0\:0\:false\:false\:true\:false\:false
STMicroelectronics.X-CUBE-AI.6.0.0.HeapSize=0x200
ProjectManager.ComputerToolchain=false
RCC.HSI_VALUE=16000000
NVIC.PriorityGroup=NVIC_PRIORITYGROUP_4
RCC.PLLPoutputFreq_Value=64000000
RCC.PLLN=32
STMicroelectronics.X-CUBE-AI.6.0.0.ModelType-f753901a69de43354e869bc3f7ebb48174193034f7e22b052603449c38ea3774=Saved model
TIM16.AutoReloadPreload=TIM_AUTORELOAD_PRELOAD_ENABLE
RCC.APB1TimFreq_Value=64000000
NVIC.BusFault_IRQn=true\:0\:0\:false\:false\:true\:false\:false
RCC.PWRFreq_Value=64000000
RCC.LPUART1Freq_Value=64000000
TIM16.IPParameters=Prescaler,AutoReloadPreload
TIM16.Prescaler=63
RCC.APB1Freq_Value=64000000
VP_CRC_VS_CRC.Mode=CRC_Activate
ProjectManager.CustomerFirmwarePackage=
STMicroelectronics.X-CUBE-AI.6.0.0.ActivationBufferSizeList=384
ProjectManager.DeviceId=STM32WB55RGVx
ProjectManager.LibraryCopy=1
RCC.HSI48_VALUE=48000000
STMicroelectronics.X-CUBE-AI.6.0.0.ModelRamOccupation-f753901a69de43354e869bc3f7ebb48174193034f7e22b052603449c38ea3774=384
isbadioc=false
