#MicroXplorer Configuration settings - do not modify
Mcu.Family=STM32WB
ProjectManager.MainLocation=Core/Src
PA6.Mode=Full_Duplex_Master
RCC.USART1Freq_Value=64000000
RCC.SAI1Freq_Value=16000000
RCC.CortexFreq_Value=64000000
NVIC.I2C1_EV_IRQn=true\:0\:0\:false\:false\:true\:true\:true
ProjectManager.KeepUserCode=true
Mcu.UserName=STM32WB55RGVx
SPI1.VirtualType=VM_MASTER
RCC.RFWKPFreq_Value=244.140625
RCC.PLLSAI1RoutputFreq_Value=16000000
PC5.Locked=true
ProjectManager.functionlistsort=1-MX_GPIO_Init-GPIO-false-HAL-true,2-SystemClock_Config-RCC-false-HAL-false,3-MX_I2C1_Init-I2C1-false-HAL-true,4-MX_USART1_UART_Init-USART1-false-HAL-true,5-MX_SPI1_Init-SPI1-false-HAL-true
PB6.GPIO_Label=STLINK_RX
PB11.GPIO_PuPd=GPIO_PULLDOWN
USART1.IPParameters=VirtualMode-Asynchronous
PB11.Signal=GPXTI11
PinOutPanel.RotationAngle=0
RCC.MCO1PinFreq_Value=64000000
RCC.SYSCLKSource=RCC_SYSCLKSOURCE_PLLCLK
ProjectManager.StackSize=0x400
SH.GPXTI2.0=GPIO_EXTI2
RCC.LPTIM1Freq_Value=64000000
RCC.I2C3Freq_Value=64000000
Mcu.IP4=SYS
PB2.GPIO_ModeDefaultEXTI=GPIO_MODE_IT_RISING
RCC.FCLKCortexFreq_Value=64000000
Mcu.IP5=USART1
I2C1.IPParameters=Timing
NVIC.SVCall_IRQn=true\:0\:0\:false\:false\:true\:false\:false
Mcu.IP2=RCC
Mcu.IP3=SPI1
Mcu.IP0=I2C1
Mcu.IP1=NVIC
Mcu.UserConstants=
RCC.VCOSAI1OutputFreq_Value=32000000
Mcu.ThirdPartyNb=0
SPI1.Direction=SPI_DIRECTION_2LINES
RCC.HCLKFreq_Value=64000000
Mcu.IPNb=6
ProjectManager.PreviousToolchain=
RCC.APB2TimFreq_Value=64000000
PCC.Ble.PowerLevel=Min
PB6.Signal=USART1_TX
PB6.Mode=Asynchronous
SPI1.CalculateBaudRate=1000.0 KBits/s
Mcu.Pin6=PC5
Mcu.Pin7=PB2
Mcu.Pin8=PB11
Mcu.Pin9=PA13
RCC.AHBFreq_Value=64000000
Mcu.Pin0=PB8
Mcu.Pin1=PB9
GPIO.groupedBy=Group By Peripherals
Mcu.Pin2=PA4
Mcu.Pin3=PA5
Mcu.Pin4=PA6
NVIC.EXTI15_10_IRQn=true\:0\:0\:false\:false\:true\:true\:true
Mcu.Pin5=PA7
ProjectManager.ProjectBuild=false
RCC.HSE_VALUE=8000000
NVIC.UsageFault_IRQn=true\:0\:0\:false\:false\:true\:false\:false
RCC.FCLK2Freq_Value=32000000
NVIC.DebugMonitor_IRQn=true\:0\:0\:false\:false\:true\:false\:false
PB2.Signal=GPXTI2
PB3.Mode=Trace_Asynchronous_SW
PA4.Locked=true
RCC.Cortex2_Div=SYSTICK_CLKSOURCE_HCLK_DIV8
NVIC.SysTick_IRQn=true\:0\:0\:false\:false\:true\:false\:true
ProjectManager.FirmwarePackage=STM32Cube FW_WB V1.11.0
MxDb.Version=DB.6.0.20
ProjectManager.BackupPrevious=false
RCC.VCOInputFreq_Value=4000000
PA14.Mode=Trace_Asynchronous_SW
SPI1.DataSize=SPI_DATASIZE_8BIT
File.Version=6
PB7.Signal=USART1_RX
RCC.PLLRCLKFreq_Value=64000000
SH.GPXTI11.ConfNb=1
PB6.Locked=true
NVIC.PendSV_IRQn=true\:0\:0\:false\:false\:true\:false\:false
NVIC.I2C1_ER_IRQn=true\:0\:0\:false\:false\:true\:true\:true
PB6.GPIOParameters=GPIO_PuPd,GPIO_Label
ProjectManager.HalAssertFull=false
PB2.GPIO_PuPd=GPIO_PULLDOWN
ProjectManager.ProjectName=store-sensor-data
RCC.APB3Freq_Value=16000000
PB7.GPIO_Label=STLINK_TX
PB9.Signal=I2C1_SDA
Mcu.Package=VFQFPN68
PA6.Signal=SPI1_MISO
PA5.Locked=true
SH.GPXTI11.0=GPIO_EXTI11
ProjectManager.ToolChainLocation=
RCC.LSI_VALUE=32000
VP_SYS_VS_Systick.Signal=SYS_VS_Systick
SH.GPXTI5.ConfNb=1
RCC.LSCOPinFreq_Value=32000
PB9.GPIO_Speed=GPIO_SPEED_FREQ_VERY_HIGH
NVIC.EXTI2_IRQn=true\:0\:0\:false\:false\:true\:true\:true
RCC.PLLPoutputFreq_Value=64000000
RCC.APB1TimFreq_Value=64000000
NVIC.BusFault_IRQn=true\:0\:0\:false\:false\:true\:false\:false
RCC.LPUART1Freq_Value=64000000
PC5.Signal=GPXTI5
NVIC.USART1_IRQn=true\:0\:0\:false\:false\:true\:true\:true
SPI1.BaudRatePrescaler=SPI_BAUDRATEPRESCALER_64
PA4.GPIO_Label=FLASH_CS
ProjectManager.CustomerFirmwarePackage=
RCC.HSI48_VALUE=48000000
PA5.Mode=Full_Duplex_Master
PB7.GPIO_PuPd=GPIO_PULLUP
PCC.Ble.Mode=NOT_SELECTED
SH.GPXTI5.0=GPIO_EXTI5
RCC.PLLQoutputFreq_Value=64000000
ProjectManager.ProjectFileName=store-sensor-data.ioc
RCC.SMPSFreq_Value=4000000
PB8.GPIOParameters=GPIO_Speed
PA7.Mode=Full_Duplex_Master
Mcu.PinsNb=15
ProjectManager.NoMain=false
SPI1.IPParameters=VirtualType,Mode,Direction,CalculateBaudRate,DataSize,BaudRatePrescaler,NSSPMode
RCC.HCLK3Freq_Value=64000000
PB6.GPIO_PuPd=GPIO_PULLUP
PB11.GPIO_Label=BTN_1
ProjectManager.DefaultFWLocation=true
ProjectManager.DeletePrevious=true
RCC.HCLK2Freq_Value=32000000
PC5.GPIO_PuPd=GPIO_PULLDOWN
RCC.AHB2CLKDivider=RCC_SYSCLK_DIV2
RCC.FamilyName=M
PB9.GPIOParameters=GPIO_Speed
USART1.VirtualMode-Asynchronous=VM_ASYNC
PA13.Signal=SYS_JTMS-SWDIO
SH.GPXTI2.ConfNb=1
ProjectManager.TargetToolchain=STM32CubeIDE
PB7.GPIOParameters=GPIO_PuPd,GPIO_Label
RCC.HCLKRFFreq_Value=16000000
PC5.GPIOParameters=GPIO_PuPd,GPIO_Label
PB9.Mode=I2C
PB2.GPIOParameters=GPIO_PuPd,GPIO_Label,GPIO_ModeDefaultEXTI
I2C1.Timing=0x10707DBC
PB11.GPIOParameters=GPIO_PuPd,GPIO_Label
ProjectManager.RegisterCallBack=
RCC.LSE_VALUE=32768
RCC.PLLSAI1PoutputFreq_Value=16000000
PA5.Signal=SPI1_SCK
board=custom
RCC.Cortex2Freq_Value=4000000
RCC.VCOOutputFreq_Value=128000000
ProjectManager.LastFirmware=true
RCC.SMPS1Freq_Value=8000000
RCC.APB2Freq_Value=64000000
MxCube.Version=6.2.0
PCC.Ble.DataLength=6
RCC.I2C1Freq_Value=64000000
SPI1.Mode=SPI_MODE_MASTER
RCC.RNGFreq_Value=32000
RCC.PLLSAI1QoutputFreq_Value=16000000
VP_SYS_VS_Systick.Mode=SysTick
NVIC.NonMaskableInt_IRQn=true\:0\:0\:false\:false\:true\:false\:false
PA4.GPIOParameters=GPIO_Label
PA13.Mode=Trace_Asynchronous_SW
ProjectManager.FreePins=true
RCC.IPParameters=AHB2CLKDivider,AHBFreq_Value,APB1Freq_Value,APB1TimFreq_Value,APB2Freq_Value,APB2TimFreq_Value,APB3Freq_Value,Cortex2Freq_Value,Cortex2_Div,CortexFreq_Value,FCLK2Freq_Value,FCLKCortexFreq_Value,FamilyName,HCLK2Freq_Value,HCLK3Freq_Value,HCLKFreq_Value,HCLKRFFreq_Value,HSE_VALUE,HSI48_VALUE,HSI_VALUE,I2C1Freq_Value,I2C3Freq_Value,LPTIM1Freq_Value,LPTIM2Freq_Value,LPUART1Freq_Value,LSCOPinFreq_Value,LSE_VALUE,LSI_VALUE,MCO1PinFreq_Value,PLLN,PLLPoutputFreq_Value,PLLQoutputFreq_Value,PLLRCLKFreq_Value,PLLSAI1PoutputFreq_Value,PLLSAI1QoutputFreq_Value,PLLSAI1RoutputFreq_Value,PWRFreq_Value,RFWKPFreq_Value,RNGFreq_Value,SAI1Freq_Value,SMPS1Freq_Value,SMPSFreq_Value,SYSCLKFreq_VALUE,SYSCLKSource,USART1Freq_Value,VCOInputFreq_Value,VCOOutputFreq_Value,VCOSAI1OutputFreq_Value
ProjectManager.AskForMigrate=true
Mcu.Name=STM32WB55RGVx
RCC.LPTIM2Freq_Value=64000000
SPI1.NSSPMode=SPI_NSS_PULSE_DISABLE
ProjectManager.UnderRoot=true
PB2.Locked=true
ProjectManager.CoupleFile=true
PB3.Signal=SYS_JTDO-SWO
PA4.Signal=GPIO_Output
RCC.SYSCLKFreq_VALUE=64000000
PCC.Ble.ConnectionInterval=1000.0
NVIC.ForceEnableDMAVector=true
KeepUserPlacement=false
PC5.GPIO_Label=BTN_2
NVIC.MemoryManagement_IRQn=true\:0\:0\:false\:false\:true\:false\:false
ProjectManager.CompilerOptimize=6
PB7.Mode=Asynchronous
NVIC.EXTI9_5_IRQn=true\:0\:0\:false\:false\:true\:true\:true
PA14.Signal=SYS_JTCK-SWCLK
PB2.GPIO_Label=BTN_3
ProjectManager.HeapSize=0x200
NVIC.HardFault_IRQn=true\:0\:0\:false\:false\:true\:false\:false
Mcu.Pin13=PB7
Mcu.Pin14=VP_SYS_VS_Systick
ProjectManager.ComputerToolchain=false
RCC.HSI_VALUE=16000000
NVIC.PriorityGroup=NVIC_PRIORITYGROUP_4
Mcu.Pin11=PB3
Mcu.Pin12=PB6
RCC.PLLN=32
PB8.Mode=I2C
Mcu.Pin10=PA14
PB7.Locked=true
PB8.Signal=I2C1_SCL
RCC.PWRFreq_Value=64000000
RCC.APB1Freq_Value=64000000
PB8.GPIO_Speed=GPIO_SPEED_FREQ_VERY_HIGH
PB11.Locked=true
ProjectManager.DeviceId=STM32WB55RGVx
ProjectManager.LibraryCopy=1
PA7.Signal=SPI1_MOSI
isbadioc=false
